
Microsoft Visual Studio Solution File, Format Version 12.00
# Visual Studio 15
VisualStudioVersion = 15.0.26430.14
MinimumVisualStudioVersion = 10.0.40219.1
Project("{9A19103F-16F7-4668-BE54-9A1E7A4F7556}") = "TddAcademy", "TddAcademyCore\TddAcademy.csproj", "{7CBD0ACE-A9A7-4AA3-8EB5-4F3763181DB7}"
EndProject
Project("{9A19103F-16F7-4668-BE54-9A1E7A4F7556}") = "TddAcademy.Facts", "TddAcademy.Facts\TddAcademy.Facts.csproj", "{BEC03432-74B2-4F70-8091-0F3201470E0D}"
EndProject
Project("{9A19103F-16F7-4668-BE54-9A1E7A4F7556}") = "TddAcademy.Specs", "TddAcademy.Specs\TddAcademy.Specs.csproj", "{C1F8F6D2-2442-41C0-BE13-0C3BDB82EB73}"
EndProject
Project("{2150E333-8FDC-42A3-9474-1A3956D46DE8}") = "SolutionFiles", "SolutionFiles", "{1A4B8F6B-96AB-4E47-928E-DB334C30766A}"
ProjectSection(SolutionItems) = preProject
	paket.dependencies = paket.dependencies
	paket.lock = paket.lock
	README.md = README.md
EndProjectSection
EndProject
Global
	GlobalSection(SolutionConfigurationPlatforms) = preSolution
		Debug|Any CPU = Debug|Any CPU
		Release|Any CPU = Release|Any CPU
	EndGlobalSection
	GlobalSection(ProjectConfigurationPlatforms) = postSolution
		{7CBD0ACE-A9A7-4AA3-8EB5-4F3763181DB7}.Debug|Any CPU.ActiveCfg = Debug|Any CPU
		{7CBD0ACE-A9A7-4AA3-8EB5-4F3763181DB7}.Debug|Any CPU.Build.0 = Debug|Any CPU
		{7CBD0ACE-A9A7-4AA3-8EB5-4F3763181DB7}.Release|Any CPU.ActiveCfg = Release|Any CPU
		{7CBD0ACE-A9A7-4AA3-8EB5-4F3763181DB7}.Release|Any CPU.Build.0 = Release|Any CPU
		{BEC03432-74B2-4F70-8091-0F3201470E0D}.Debug|Any CPU.ActiveCfg = Debug|Any CPU
		{BEC03432-74B2-4F70-8091-0F3201470E0D}.Debug|Any CPU.Build.0 = Debug|Any CPU
		{BEC03432-74B2-4F70-8091-0F3201470E0D}.Release|Any CPU.ActiveCfg = Release|Any CPU
		{BEC03432-74B2-4F70-8091-0F3201470E0D}.Release|Any CPU.Build.0 = Release|Any CPU
		{C1F8F6D2-2442-41C0-BE13-0C3BDB82EB73}.Debug|Any CPU.ActiveCfg = Debug|Any CPU
		{C1F8F6D2-2442-41C0-BE13-0C3BDB82EB73}.Debug|Any CPU.Build.0 = Debug|Any CPU
		{C1F8F6D2-2442-41C0-BE13-0C3BDB82EB73}.Release|Any CPU.ActiveCfg = Release|Any CPU
		{C1F8F6D2-2442-41C0-BE13-0C3BDB82EB73}.Release|Any CPU.Build.0 = Release|Any CPU
	EndGlobalSection
	GlobalSection(SolutionProperties) = preSolution
		HideSolutionNode = FALSE
	EndGlobalSection
	GlobalSection(ExtensibilityGlobals) = postSolution
		SolutionGuid = {2F94535F-6BFE-467F-8D49-CEBECB9D3708}
	EndGlobalSection
EndGlobal
