{
  "version": 1,
  "dependencies": {
    "net7.0": {
      "FluentAssertions": {
        "type": "Direct",
        "requested": "[6.11.0, )",
        "resolved": "6.11.0",
        "contentHash": "aBaagwdNtVKkug1F3imGXUlmoBd8ZUZX8oQ5niThaJhF79SpESe1Gzq7OFuZkQdKD5Pa4Mone+jrbas873AT4g==",
        "dependencies": {
          "System.Configuration.ConfigurationManager": "4.4.0"
        }
      },
      "Microsoft.NET.Test.Sdk": {
        "type": "Direct",
        "requested": "[17.5.0, )",
        "resolved": "17.5.0",
        "contentHash": "IJ4eSPcsRbwbAZehh1M9KgejSy0u3d0wAdkJytfCh67zOaCl5U3ltruUEe15MqirdRqGmm/ngbjeaVeGapSZxg==",
        "dependencies": {
          "Microsoft.CodeCoverage": "17.5.0",
          "Microsoft.TestPlatform.TestHost": "17.5.0"
        }
      },
      "Xbehave": {
        "type": "Direct",
        "requested": "[2.4.1, )",
        "resolved": "2.4.1",
        "contentHash": "O5QPv5eKcRQRvyhBR2uToJ9Upa+aFtUkkT61yJf64ziJXqGWMj5EQi2zX5zqVZJj7pmvdmu+6qdVDVWsx3jfzQ==",
        "dependencies": {
          "Xbehave.Core": "[2.4.1]",
          "xunit": "[2.4.0, 2.5.0)"
        }
      },
      "xunit.runner.visualstudio": {
        "type": "Direct",
        "requested": "[2.4.5, )",
        "resolved": "2.4.5",
        "contentHash": "OwHamvBdUKgqsXfBzWiCW/O98BTx81UKzx2bieIOQI7CZFE5NEQZGi8PBQGIKawDW96xeRffiNf20SjfC0x9hw=="
      },
      "Microsoft.CodeCoverage": {
        "type": "Transitive",
        "resolved": "17.5.0",
        "contentHash": "6FQo0O6LKDqbCiIgVQhJAf810HSjFlOj7FunWaeOGDKxy8DAbpHzPk4SfBTXz9ytaaceuIIeR6hZgplt09m+ig=="
      },
      "Microsoft.TestPlatform.ObjectModel": {
        "type": "Transitive",
        "resolved": "17.5.0",
        "contentHash": "QwiBJcC/oEA1kojOaB0uPWOIo4i6BYuTBBYJVhUvmXkyYqZ2Ut/VZfgi+enf8LF8J4sjO98oRRFt39MiRorcIw==",
        "dependencies": {
          "NuGet.Frameworks": "5.11.0",
          "System.Reflection.Metadata": "1.6.0"
        }
      },
      "Microsoft.TestPlatform.TestHost": {
        "type": "Transitive",
        "resolved": "17.5.0",
        "contentHash": "X86aikwp9d4SDcBChwzQYZihTPGEtMdDk+9t64emAl7N0Tq+OmlLAoW+Rs+2FB2k6QdUicSlT4QLO2xABRokaw==",
        "dependencies": {
          "Microsoft.TestPlatform.ObjectModel": "17.5.0",
          "Newtonsoft.Json": "13.0.1"
        }
      },
      "Newtonsoft.Json": {
        "type": "Transitive",
        "resolved": "13.0.1",
        "contentHash": "ppPFpBcvxdsfUonNcvITKqLl3bqxWbDCZIzDWHzjpdAHRFfZe0Dw9HmA0+za13IdyrgJwpkDTDA9fHaxOrt20A=="
      },
      "NuGet.Frameworks": {
        "type": "Transitive",
        "resolved": "5.11.0",
        "contentHash": "eaiXkUjC4NPcquGWzAGMXjuxvLwc6XGKMptSyOGQeT0X70BUZObuybJFZLA0OfTdueLd3US23NBPTBb6iF3V1Q=="
      },
      "System.Configuration.ConfigurationManager": {
        "type": "Transitive",
        "resolved": "4.4.0",
        "contentHash": "gWwQv/Ug1qWJmHCmN17nAbxJYmQBM/E94QxKLksvUiiKB1Ld3Sc/eK1lgmbSjDFxkQhVuayI/cGFZhpBSodLrg==",
        "dependencies": {
          "System.Security.Cryptography.ProtectedData": "4.4.0"
        }
      },
      "System.Reflection.Metadata": {
        "type": "Transitive",
        "resolved": "1.6.0",
        "contentHash": "COC1aiAJjCoA5GBF+QKL2uLqEBew4JsCkQmoHKbN3TlOZKa2fKLz5CpiRQKDz0RsAOEGsVKqOD5bomsXq/4STQ=="
      },
      "System.Security.Cryptography.ProtectedData": {
        "type": "Transitive",
        "resolved": "4.4.0",
        "contentHash": "cJV7ScGW7EhatRsjehfvvYVBvtiSMKgN8bOVI0bQhnF5bU7vnHVIsH49Kva7i7GWaWYvmEzkYVk1TC+gZYBEog=="
      },
      "Xbehave.Core": {
        "type": "Transitive",
        "resolved": "2.4.1",
        "contentHash": "6HYPVkTKC4dj0/jDMUFBXrjRlJIZNV2W+AHZMK+uV9Pz32QK3DtPgFAc8N0X7VoPKRDwP/UI5HSLjykdkTR3eg==",
        "dependencies": {
          "xunit.core": "[2.4.0, 2.5.0)",
          "xunit.extensibility.execution": "[2.4.0, 2.5.0)"
        }
      },
      "xunit": {
        "type": "Transitive",
        "resolved": "2.4.0",
        "contentHash": "NL00nGsDsyWc1CWxz5FXXjLpW9oFG18WJoTPCyhNv4KGP/e5iLJqAqgM1uaJZyQ6WaTtmWIy4yjYP3RdcaT7Vw==",
        "dependencies": {
          "xunit.analyzers": "0.10.0",
          "xunit.assert": "[2.4.0]",
          "xunit.core": "[2.4.0]"
        }
      },
      "xunit.abstractions": {
        "type": "Transitive",
        "resolved": "2.0.2",
        "contentHash": "vItLB0WkaKg0426RgWq+ZdXH6D+YV/uH28C0weWMOBnVx7I+luHuEYss9hoOngpkiN5kUpLvh9VZRx1H2sk59A=="
      },
      "xunit.analyzers": {
        "type": "Transitive",
        "resolved": "0.10.0",
        "contentHash": "4/IDFCJfIeg6bix9apmUtIMwvOsiwqdEexeO/R2D4GReIGPLIRODTpId/l4LRSrAJk9lEO3Zx1H0Zx6uohJDNg=="
      },
      "xunit.assert": {
        "type": "Transitive",
        "resolved": "2.4.0",
        "contentHash": "Swvkm6iTjZr8TiUj5vMnmfG+2dD4s/BIBgsVOzTxxmoq2ndGsmM2WIL4wuqJ8RhxydWIDOPpIaaytjT2pMTEdg=="
      },
      "xunit.core": {
        "type": "Transitive",
        "resolved": "2.4.0",
        "contentHash": "BJ/O/tPEcHUCwQYuwqXoYccTMyw6B5dA6yh7WxWWBhKbjqTsG9RWL0nCQXM5yQYJwUuFzBkiXDPN1BO6UdBB4Q==",
        "dependencies": {
          "xunit.extensibility.core": "[2.4.0]",
          "xunit.extensibility.execution": "[2.4.0]"
        }
      },
      "xunit.extensibility.core": {
        "type": "Transitive",
        "resolved": "2.4.0",
        "contentHash": "qr/KrR6uukHXD9e/lLQjyCPfMEDuvvhNFDzsYzCF2kKlYKiqcADfUvA9Q68rBtKFtwHFeghjWEuv15KoGD2SfA==",
        "dependencies": {
          "xunit.abstractions": "2.0.2"
        }
      },
      "xunit.extensibility.execution": {
        "type": "Transitive",
        "resolved": "2.4.0",
        "contentHash": "252Dzn7i5bMPKtAL15aOP3qJhxKd+57I8ldwIQRJa745JxQuiBu5Da0vtIISVTtc3buRSkBwVnD9iUzsEmCzZA==",
        "dependencies": {
          "xunit.extensibility.core": "[2.4.0]"
        }
      },
      "tddacademy": {
        "type": "Project"
      }
    },
    "net7.0/linux-x64": {
      "System.Security.Cryptography.ProtectedData": {
        "type": "Transitive",
        "resolved": "4.4.0",
        "contentHash": "cJV7ScGW7EhatRsjehfvvYVBvtiSMKgN8bOVI0bQhnF5bU7vnHVIsH49Kva7i7GWaWYvmEzkYVk1TC+gZYBEog=="
      }
    },
    "net7.0/win-x64": {
      "System.Security.Cryptography.ProtectedData": {
        "type": "Transitive",
        "resolved": "4.4.0",
        "contentHash": "cJV7ScGW7EhatRsjehfvvYVBvtiSMKgN8bOVI0bQhnF5bU7vnHVIsH49Kva7i7GWaWYvmEzkYVk1TC+gZYBEog=="
      }
    }
  }
}